
Microsoft Visual Studio Solution File, Format Version 12.00
# Visual Studio Version 17
VisualStudioVersion = 17.6.33712.159
MinimumVisualStudioVersion = 10.0.40219.1
Project("{8BC9CEB8-8B4A-11D0-8D11-00A0C91BC942}") = "Homework0518", "Homework0518\Homework0518.vcxproj", "{CF259C2B-59B3-4D07-9D0E-57DC78C6E66B}"
EndProject
Project("{8BC9CEB8-8B4A-11D0-8D11-00A0C91BC942}") = "Homework0519", "Homework0519\Homework0519.vcxproj", "{3BB2A393-0199-4D4D-9BB8-59EAB3FD57AD}"
EndProject
Project("{8BC9CEB8-8B4A-11D0-8D11-00A0C91BC942}") = "Homework0522", "Homework0522\Homework0522.vcxproj", "{845E0C3A-FE33-4BC6-AB27-40C0F8129D90}"
EndProject
Project("{8BC9CEB8-8B4A-11D0-8D11-00A0C91BC942}") = "Homework0523", "Homework0523\Homework0523.vcxproj", "{9890218F-DE52-46E7-9605-CED63FF9C126}"
EndProject
Project("{8BC9CEB8-8B4A-11D0-8D11-00A0C91BC942}") = "Homework0524", "Homework0524\Homework0524.vcxproj", "{775F8D61-9B83-4198-98B3-629E13E9B4E2}"
EndProject
Project("{8BC9CEB8-8B4A-11D0-8D11-00A0C91BC942}") = "Homework0525", "Homework0525\Homework0525.vcxproj", "{03BC3ECB-6208-45C0-9ED8-38A9B08264CD}"
EndProject
Project("{8BC9CEB8-8B4A-11D0-8D11-00A0C91BC942}") = "Homework0526", "Homework0526\Homework0526.vcxproj", "{0EEDA8BD-7C8A-41D9-AA47-2BFC36AB26D9}"
EndProject
Project("{8BC9CEB8-8B4A-11D0-8D11-00A0C91BC942}") = "Test", "Test\Test.vcxproj", "{A01107E5-FC9F-4081-9CD5-4A931AA8C83E}"
EndProject
Project("{8BC9CEB8-8B4A-11D0-8D11-00A0C91BC942}") = "Homework0531", "Homework0531\Homework0531.vcxproj", "{72B446B7-DC7D-406D-9213-4519C04FCB47}"
EndProject
Global
	GlobalSection(SolutionConfigurationPlatforms) = preSolution
		Debug|x64 = Debug|x64
		Debug|x86 = Debug|x86
		Release|x64 = Release|x64
		Release|x86 = Release|x86
	EndGlobalSection
	GlobalSection(ProjectConfigurationPlatforms) = postSolution
		{CF259C2B-59B3-4D07-9D0E-57DC78C6E66B}.Debug|x64.ActiveCfg = Debug|x64
		{CF259C2B-59B3-4D07-9D0E-57DC78C6E66B}.Debug|x64.Build.0 = Debug|x64
		{CF259C2B-59B3-4D07-9D0E-57DC78C6E66B}.Debug|x86.ActiveCfg = Debug|Win32
		{CF259C2B-59B3-4D07-9D0E-57DC78C6E66B}.Debug|x86.Build.0 = Debug|Win32
		{CF259C2B-59B3-4D07-9D0E-57DC78C6E66B}.Release|x64.ActiveCfg = Release|x64
		{CF259C2B-59B3-4D07-9D0E-57DC78C6E66B}.Release|x64.Build.0 = Release|x64
		{CF259C2B-59B3-4D07-9D0E-57DC78C6E66B}.Release|x86.ActiveCfg = Release|Win32
		{CF259C2B-59B3-4D07-9D0E-57DC78C6E66B}.Release|x86.Build.0 = Release|Win32
		{3BB2A393-0199-4D4D-9BB8-59EAB3FD57AD}.Debug|x64.ActiveCfg = Debug|x64
		{3BB2A393-0199-4D4D-9BB8-59EAB3FD57AD}.Debug|x64.Build.0 = Debug|x64
		{3BB2A393-0199-4D4D-9BB8-59EAB3FD57AD}.Debug|x86.ActiveCfg = Debug|Win32
		{3BB2A393-0199-4D4D-9BB8-59EAB3FD57AD}.Debug|x86.Build.0 = Debug|Win32
		{3BB2A393-0199-4D4D-9BB8-59EAB3FD57AD}.Release|x64.ActiveCfg = Release|x64
		{3BB2A393-0199-4D4D-9BB8-59EAB3FD57AD}.Release|x64.Build.0 = Release|x64
		{3BB2A393-0199-4D4D-9BB8-59EAB3FD57AD}.Release|x86.ActiveCfg = Release|Win32
		{3BB2A393-0199-4D4D-9BB8-59EAB3FD57AD}.Release|x86.Build.0 = Release|Win32
		{845E0C3A-FE33-4BC6-AB27-40C0F8129D90}.Debug|x64.ActiveCfg = Debug|x64
		{845E0C3A-FE33-4BC6-AB27-40C0F8129D90}.Debug|x64.Build.0 = Debug|x64
		{845E0C3A-FE33-4BC6-AB27-40C0F8129D90}.Debug|x86.ActiveCfg = Debug|Win32
		{845E0C3A-FE33-4BC6-AB27-40C0F8129D90}.Debug|x86.Build.0 = Debug|Win32
		{845E0C3A-FE33-4BC6-AB27-40C0F8129D90}.Release|x64.ActiveCfg = Release|x64
		{845E0C3A-FE33-4BC6-AB27-40C0F8129D90}.Release|x64.Build.0 = Release|x64
		{845E0C3A-FE33-4BC6-AB27-40C0F8129D90}.Release|x86.ActiveCfg = Release|Win32
		{845E0C3A-FE33-4BC6-AB27-40C0F8129D90}.Release|x86.Build.0 = Release|Win32
		{9890218F-DE52-46E7-9605-CED63FF9C126}.Debug|x64.ActiveCfg = Debug|x64
		{9890218F-DE52-46E7-9605-CED63FF9C126}.Debug|x64.Build.0 = Debug|x64
		{9890218F-DE52-46E7-9605-CED63FF9C126}.Debug|x86.ActiveCfg = Debug|Win32
		{9890218F-DE52-46E7-9605-CED63FF9C126}.Debug|x86.Build.0 = Debug|Win32
		{9890218F-DE52-46E7-9605-CED63FF9C126}.Release|x64.ActiveCfg = Release|x64
		{9890218F-DE52-46E7-9605-CED63FF9C126}.Release|x64.Build.0 = Release|x64
		{9890218F-DE52-46E7-9605-CED63FF9C126}.Release|x86.ActiveCfg = Release|Win32
		{9890218F-DE52-46E7-9605-CED63FF9C126}.Release|x86.Build.0 = Release|Win32
		{775F8D61-9B83-4198-98B3-629E13E9B4E2}.Debug|x64.ActiveCfg = Debug|x64
		{775F8D61-9B83-4198-98B3-629E13E9B4E2}.Debug|x64.Build.0 = Debug|x64
		{775F8D61-9B83-4198-98B3-629E13E9B4E2}.Debug|x86.ActiveCfg = Debug|Win32
		{775F8D61-9B83-4198-98B3-629E13E9B4E2}.Debug|x86.Build.0 = Debug|Win32
		{775F8D61-9B83-4198-98B3-629E13E9B4E2}.Release|x64.ActiveCfg = Release|x64
		{775F8D61-9B83-4198-98B3-629E13E9B4E2}.Release|x64.Build.0 = Release|x64
		{775F8D61-9B83-4198-98B3-629E13E9B4E2}.Release|x86.ActiveCfg = Release|Win32
		{775F8D61-9B83-4198-98B3-629E13E9B4E2}.Release|x86.Build.0 = Release|Win32
		{03BC3ECB-6208-45C0-9ED8-38A9B08264CD}.Debug|x64.ActiveCfg = Debug|x64
		{03BC3ECB-6208-45C0-9ED8-38A9B08264CD}.Debug|x64.Build.0 = Debug|x64
		{03BC3ECB-6208-45C0-9ED8-38A9B08264CD}.Debug|x86.ActiveCfg = Debug|Win32
		{03BC3ECB-6208-45C0-9ED8-38A9B08264CD}.Debug|x86.Build.0 = Debug|Win32
		{03BC3ECB-6208-45C0-9ED8-38A9B08264CD}.Release|x64.ActiveCfg = Release|x64
		{03BC3ECB-6208-45C0-9ED8-38A9B08264CD}.Release|x64.Build.0 = Release|x64
		{03BC3ECB-6208-45C0-9ED8-38A9B08264CD}.Release|x86.ActiveCfg = Release|Win32
		{03BC3ECB-6208-45C0-9ED8-38A9B08264CD}.Release|x86.Build.0 = Release|Win32
		{0EEDA8BD-7C8A-41D9-AA47-2BFC36AB26D9}.Debug|x64.ActiveCfg = Debug|x64
		{0EEDA8BD-7C8A-41D9-AA47-2BFC36AB26D9}.Debug|x64.Build.0 = Debug|x64
		{0EEDA8BD-7C8A-41D9-AA47-2BFC36AB26D9}.Debug|x86.ActiveCfg = Debug|Win32
		{0EEDA8BD-7C8A-41D9-AA47-2BFC36AB26D9}.Debug|x86.Build.0 = Debug|Win32
		{0EEDA8BD-7C8A-41D9-AA47-2BFC36AB26D9}.Release|x64.ActiveCfg = Release|x64
		{0EEDA8BD-7C8A-41D9-AA47-2BFC36AB26D9}.Release|x64.Build.0 = Release|x64
		{0EEDA8BD-7C8A-41D9-AA47-2BFC36AB26D9}.Release|x86.ActiveCfg = Release|Win32
		{0EEDA8BD-7C8A-41D9-AA47-2BFC36AB26D9}.Release|x86.Build.0 = Release|Win32
		{A01107E5-FC9F-4081-9CD5-4A931AA8C83E}.Debug|x64.ActiveCfg = Debug|x64
		{A01107E5-FC9F-4081-9CD5-4A931AA8C83E}.Debug|x64.Build.0 = Debug|x64
		{A01107E5-FC9F-4081-9CD5-4A931AA8C83E}.Debug|x86.ActiveCfg = Debug|Win32
		{A01107E5-FC9F-4081-9CD5-4A931AA8C83E}.Debug|x86.Build.0 = Debug|Win32
		{A01107E5-FC9F-4081-9CD5-4A931AA8C83E}.Release|x64.ActiveCfg = Release|x64
		{A01107E5-FC9F-4081-9CD5-4A931AA8C83E}.Release|x64.Build.0 = Release|x64
		{A01107E5-FC9F-4081-9CD5-4A931AA8C83E}.Release|x86.ActiveCfg = Release|Win32
		{A01107E5-FC9F-4081-9CD5-4A931AA8C83E}.Release|x86.Build.0 = Release|Win32
		{72B446B7-DC7D-406D-9213-4519C04FCB47}.Debug|x64.ActiveCfg = Debug|x64
		{72B446B7-DC7D-406D-9213-4519C04FCB47}.Debug|x64.Build.0 = Debug|x64
		{72B446B7-DC7D-406D-9213-4519C04FCB47}.Debug|x86.ActiveCfg = Debug|Win32
		{72B446B7-DC7D-406D-9213-4519C04FCB47}.Debug|x86.Build.0 = Debug|Win32
		{72B446B7-DC7D-406D-9213-4519C04FCB47}.Release|x64.ActiveCfg = Release|x64
		{72B446B7-DC7D-406D-9213-4519C04FCB47}.Release|x64.Build.0 = Release|x64
		{72B446B7-DC7D-406D-9213-4519C04FCB47}.Release|x86.ActiveCfg = Release|Win32
		{72B446B7-DC7D-406D-9213-4519C04FCB47}.Release|x86.Build.0 = Release|Win32
	EndGlobalSection
	GlobalSection(SolutionProperties) = preSolution
		HideSolutionNode = FALSE
	EndGlobalSection
	GlobalSection(ExtensibilityGlobals) = postSolution
		SolutionGuid = {D8459289-3C49-4677-8DD7-DBB192B3648F}
	EndGlobalSection
EndGlobal
